# THIS IS AN AUTOGENERATED FILE. DO NOT EDIT THIS FILE DIRECTLY.
# yarn lockfile v1


"@types/lodash@^4.14.168":
  version "4.14.168"
  resolved "https://registry.yarnpkg.com/@types/lodash/-/lodash-4.14.168.tgz#fe24632e79b7ade3f132891afff86caa5e5ce008"
  integrity sha512-oVfRvqHV/V6D1yifJbVRU3TMp8OT6o6BG+U9MkwuJ3U8/CsDHvalRpsxBqivn71ztOFZBTfJMvETbqHiaNSj7Q==

fp-ts-contrib@^0.1.21:
  version "0.1.21"
  resolved "https://registry.yarnpkg.com/fp-ts-contrib/-/fp-ts-contrib-0.1.21.tgz#9a2b6c108ad9487922890f46219d5639f3cacc66"
  integrity sha512-Wa1wXpeDDVyPiTZaxbas+y6pigKxiZlf/xzUBhFJ5bPNAsOrzNfFeQliu3bIH9ZjYWrt6HIMuNXAejPh6oSSkA==

fp-ts-rxjs@^0.6.13:
  version "0.6.13"
  resolved "https://registry.yarnpkg.com/fp-ts-rxjs/-/fp-ts-rxjs-0.6.13.tgz#640848ce3eb752b4006e3d9407e377f447361ef9"
  integrity sha512-h5IH0BvkxEkEpZLJo3MMKVJvYAFgftaO39xLq67FOJh1Kwb3jPgiYiJGaSvKomP0ykHF3aJA0iFm7abXPBFIgQ==

fp-ts-std@^0.8.0:
  version "0.8.0"
  resolved "https://registry.yarnpkg.com/fp-ts-std/-/fp-ts-std-0.8.0.tgz#d42816c8e92380cae6afb586d93bda30ec4ad2fd"
  integrity sha512-Zj6AwS0grCFGCqUYxmFTxfhT3Q3aCRoUNXlwDO7eY3pafj+1SHJBhh2PbsCQtQBMBA7UOfHQ/DqFd83vjIJY1w==

fp-ts@^2.9.5:
  version "2.9.5"
  resolved "https://registry.yarnpkg.com/fp-ts/-/fp-ts-2.9.5.tgz#6690cd8b76b84214a38fc77cbbbd04a38f86ea90"
  integrity sha512-MiHrA5teO6t8zKArE3DdMPT/Db6v2GUt5yfWnhBTrrsVfeCJUUnV6sgFvjGNBKDmEMqVwRFkEePL7wPwqrLKKA==

io-ts-types@^0.5.15:
  version "0.5.15"
  resolved "https://registry.yarnpkg.com/io-ts-types/-/io-ts-types-0.5.15.tgz#d4a7cd5eeede8f7cc8bd33950f243a27e3da8313"
  integrity sha512-SOKog7vxnrGybn92jxrLC7E6LSRC3nHzS4dadD1BK9cAiWyqXHerpbLq9zR3ZtQCJyNsSalpDPS1I4Jk2yzafg==

io-ts@^2.2.15:
  version "2.2.15"
  resolved "https://registry.yarnpkg.com/io-ts/-/io-ts-2.2.15.tgz#0b0b19a6f8a64f4a524ad5810d56432789428128"
  integrity sha512-ww2ZPrErx5pjCCI/tWRwjlEIDEndnN9kBIxAylXj+WNIH4ZVgaUqFuabGouehkRuvrmvzO5OnZmLf+o50h4izQ==

lodash@^4.17.20:
  version "4.17.20"
  resolved "https://registry.yarnpkg.com/lodash/-/lodash-4.17.20.tgz#b44a9b6297bcb698f1c51a3545a2b3b368d59c52"
  integrity sha512-PlhdFcillOINfeV7Ni6oF1TAEayyZBoZ8bcshTHqOYJYlrqzRK5hagpagky5o4HfCzzd1TRkXPMFq6cKk9rGmA==

monocle-ts@^2.3.5:
  version "2.3.5"
  resolved "https://registry.yarnpkg.com/monocle-ts/-/monocle-ts-2.3.5.tgz#1ff90b08616254b887e4c2bc5b2a9764fed16723"
  integrity sha512-Xm9jdWvqFrlV0k965eY5AlCpWIIUBY2ExzGbEG+byMs+mZI4J7zvaUOLpQ8MTFgkpgyEnu4qUhuZT/Or3QeRiA==

rxjs@^6.6.3:
  version "6.6.3"
  resolved "https://registry.yarnpkg.com/rxjs/-/rxjs-6.6.3.tgz#8ca84635c4daa900c0d3967a6ee7ac60271ee552"
  integrity sha512-trsQc+xYYXZ3urjOiJOuCOa5N3jAZ3eiSpQB5hIT8zGlL2QfnHLJ2r7GMkBGuIausdJN1OneaI6gQlsqNHHmZQ==
  dependencies:
    tslib "^1.9.0"

ts-adt@^2.0.2:
  version "2.0.2"
  resolved "https://registry.yarnpkg.com/ts-adt/-/ts-adt-2.0.2.tgz#3d5026a18bfcd1fcc2262504a5b905f45caf5c25"
  integrity sha512-e//wyQHNBOjPN2WwjGOXMeLC1C8hd9bVAmuFQWa2gbzMEel6up1OnhRdezB9pJqJNHrZFm06n+rK39rjJ/Zz/w==

tslib@^1.9.0:
  version "1.14.1"
  resolved "https://registry.yarnpkg.com/tslib/-/tslib-1.14.1.tgz#cf2d38bdc34a134bcaf1091c41f6619e2f672d00"
  integrity sha512-Xni35NKzjgMrwevysHTCArtLDpPvye8zV/0E4EyYn43P7/7qvQwPh9BGkHewbMulVntbigmcT7rdX3BNo9wRJg==
